
Microsoft Visual Studio Solution File, Format Version 12.00
# Visual Studio Version 16
VisualStudioVersion = 16.0.30907.101
MinimumVisualStudioVersion = 10.0.40219.1
Project("{FAE04EC0-301F-11D3-BF4B-00C04F79EFBC}") = "EFCore", "EFCore\EFCore.csproj", "{CECD904A-441E-40D4-A769-11F803566D55}"
EndProject
Global
	GlobalSection(SolutionConfigurationPlatforms) = preSolution
		Debug|Any CPU = Debug|Any CPU
		Release|Any CPU = Release|Any CPU
	EndGlobalSection
	GlobalSection(ProjectConfigurationPlatforms) = postSolution
		{CECD904A-441E-40D4-A769-11F803566D55}.Debug|Any CPU.ActiveCfg = Debug|Any CPU
		{CECD904A-441E-40D4-A769-11F803566D55}.Debug|Any CPU.Build.0 = Debug|Any CPU
		{CECD904A-441E-40D4-A769-11F803566D55}.Release|Any CPU.ActiveCfg = Release|Any CPU
		{CECD904A-441E-40D4-A769-11F803566D55}.Release|Any CPU.Build.0 = Release|Any CPU
	EndGlobalSection
	GlobalSection(SolutionProperties) = preSolution
		HideSolutionNode = FALSE
	EndGlobalSection
	GlobalSection(ExtensibilityGlobals) = postSolution
		SolutionGuid = {B98C1394-5A64-40C0-8DF4-1C58940FA926}
	EndGlobalSection
EndGlobal
